
Microsoft Visual Studio Solution File, Format Version 12.00
# Visual Studio 15
VisualStudioVersion = 15.0.28307.572
MinimumVisualStudioVersion = 10.0.40219.1
Project("{8BC9CEB8-8B4A-11D0-8D11-00A0C91BC942}") = "HardwareRendererSceneFormat", "HardwareRendererSceneFormat\HardwareRendererSceneFormat.vcxproj", "{B936D831-0F4E-45A3-9DA2-43AA4D05AFF5}"
EndProject
Project("{8BC9CEB8-8B4A-11D0-8D11-00A0C91BC942}") = "SceneFormatTest", "SceneFormatTest\SceneFormatTest.vcxproj", "{C43B4774-233C-43E9-A02C-4E9893FD5B4F}"
EndProject
Global
	GlobalSection(SolutionConfigurationPlatforms) = preSolution
		Debug|x64 = Debug|x64
		Debug|x86 = Debug|x86
		Release|x64 = Release|x64
		Release|x86 = Release|x86
	EndGlobalSection
	GlobalSection(ProjectConfigurationPlatforms) = postSolution
		{B936D831-0F4E-45A3-9DA2-43AA4D05AFF5}.Debug|x64.ActiveCfg = Debug|x64
		{B936D831-0F4E-45A3-9DA2-43AA4D05AFF5}.Debug|x64.Build.0 = Debug|x64
		{B936D831-0F4E-45A3-9DA2-43AA4D05AFF5}.Debug|x86.ActiveCfg = Debug|Win32
		{B936D831-0F4E-45A3-9DA2-43AA4D05AFF5}.Debug|x86.Build.0 = Debug|Win32
		{B936D831-0F4E-45A3-9DA2-43AA4D05AFF5}.Release|x64.ActiveCfg = Release|x64
		{B936D831-0F4E-45A3-9DA2-43AA4D05AFF5}.Release|x64.Build.0 = Release|x64
		{B936D831-0F4E-45A3-9DA2-43AA4D05AFF5}.Release|x86.ActiveCfg = Release|Win32
		{B936D831-0F4E-45A3-9DA2-43AA4D05AFF5}.Release|x86.Build.0 = Release|Win32
		{C43B4774-233C-43E9-A02C-4E9893FD5B4F}.Debug|x64.ActiveCfg = Debug|x64
		{C43B4774-233C-43E9-A02C-4E9893FD5B4F}.Debug|x64.Build.0 = Debug|x64
		{C43B4774-233C-43E9-A02C-4E9893FD5B4F}.Debug|x86.ActiveCfg = Debug|Win32
		{C43B4774-233C-43E9-A02C-4E9893FD5B4F}.Debug|x86.Build.0 = Debug|Win32
		{C43B4774-233C-43E9-A02C-4E9893FD5B4F}.Release|x64.ActiveCfg = Release|x64
		{C43B4774-233C-43E9-A02C-4E9893FD5B4F}.Release|x64.Build.0 = Release|x64
		{C43B4774-233C-43E9-A02C-4E9893FD5B4F}.Release|x86.ActiveCfg = Release|Win32
		{C43B4774-233C-43E9-A02C-4E9893FD5B4F}.Release|x86.Build.0 = Release|Win32
	EndGlobalSection
	GlobalSection(SolutionProperties) = preSolution
		HideSolutionNode = FALSE
	EndGlobalSection
	GlobalSection(ExtensibilityGlobals) = postSolution
		SolutionGuid = {19CEC9ED-4F3A-44BB-A1F0-3E9F7DA4DC49}
	EndGlobalSection
EndGlobal
