
Microsoft Visual Studio Solution File, Format Version 12.00
# Visual Studio Version 16
VisualStudioVersion = 16.0.28917.181
MinimumVisualStudioVersion = 10.0.40219.1
Project("{8BC9CEB8-8B4A-11D0-8D11-00A0C91BC942}") = "HardwareRendererSceneFormat", "HardwareRendererSceneFormat\HardwareRendererSceneFormat.vcxproj", "{B936D831-0F4E-45A3-9DA2-43AA4D05AFF5}"
EndProject
Project("{8BC9CEB8-8B4A-11D0-8D11-00A0C91BC942}") = "BinaryMeshFormat", "dependencies\bmf\BinaryMeshFormat\BinaryMeshFormat.vcxproj", "{45231001-F53F-4EFD-8194-25A0C34159D1}"
EndProject
Project("{8BC9CEB8-8B4A-11D0-8D11-00A0C91BC942}") = "SceneFormatTest", "SceneFormatTest\SceneFormatTest.vcxproj", "{7DB10CFC-489A-428F-99E5-6FE000DA7989}"
EndProject
Global
	GlobalSection(SolutionConfigurationPlatforms) = preSolution
		Debug|x64 = Debug|x64
		Debug|x86 = Debug|x86
		Release|x64 = Release|x64
		Release|x86 = Release|x86
	EndGlobalSection
	GlobalSection(ProjectConfigurationPlatforms) = postSolution
		{B936D831-0F4E-45A3-9DA2-43AA4D05AFF5}.Debug|x64.ActiveCfg = Debug|x64
		{B936D831-0F4E-45A3-9DA2-43AA4D05AFF5}.Debug|x64.Build.0 = Debug|x64
		{B936D831-0F4E-45A3-9DA2-43AA4D05AFF5}.Debug|x86.ActiveCfg = Debug|Win32
		{B936D831-0F4E-45A3-9DA2-43AA4D05AFF5}.Debug|x86.Build.0 = Debug|Win32
		{B936D831-0F4E-45A3-9DA2-43AA4D05AFF5}.Release|x64.ActiveCfg = Release|x64
		{B936D831-0F4E-45A3-9DA2-43AA4D05AFF5}.Release|x64.Build.0 = Release|x64
		{B936D831-0F4E-45A3-9DA2-43AA4D05AFF5}.Release|x86.ActiveCfg = Release|Win32
		{B936D831-0F4E-45A3-9DA2-43AA4D05AFF5}.Release|x86.Build.0 = Release|Win32
		{45231001-F53F-4EFD-8194-25A0C34159D1}.Debug|x64.ActiveCfg = Debug|x64
		{45231001-F53F-4EFD-8194-25A0C34159D1}.Debug|x64.Build.0 = Debug|x64
		{45231001-F53F-4EFD-8194-25A0C34159D1}.Debug|x86.ActiveCfg = Debug|Win32
		{45231001-F53F-4EFD-8194-25A0C34159D1}.Debug|x86.Build.0 = Debug|Win32
		{45231001-F53F-4EFD-8194-25A0C34159D1}.Release|x64.ActiveCfg = Release|x64
		{45231001-F53F-4EFD-8194-25A0C34159D1}.Release|x64.Build.0 = Release|x64
		{45231001-F53F-4EFD-8194-25A0C34159D1}.Release|x86.ActiveCfg = Release|Win32
		{45231001-F53F-4EFD-8194-25A0C34159D1}.Release|x86.Build.0 = Release|Win32
		{7DB10CFC-489A-428F-99E5-6FE000DA7989}.Debug|x64.ActiveCfg = Debug|x64
		{7DB10CFC-489A-428F-99E5-6FE000DA7989}.Debug|x64.Build.0 = Debug|x64
		{7DB10CFC-489A-428F-99E5-6FE000DA7989}.Debug|x86.ActiveCfg = Debug|Win32
		{7DB10CFC-489A-428F-99E5-6FE000DA7989}.Debug|x86.Build.0 = Debug|Win32
		{7DB10CFC-489A-428F-99E5-6FE000DA7989}.Release|x64.ActiveCfg = Release|x64
		{7DB10CFC-489A-428F-99E5-6FE000DA7989}.Release|x64.Build.0 = Release|x64
		{7DB10CFC-489A-428F-99E5-6FE000DA7989}.Release|x86.ActiveCfg = Release|Win32
		{7DB10CFC-489A-428F-99E5-6FE000DA7989}.Release|x86.Build.0 = Release|Win32
	EndGlobalSection
	GlobalSection(SolutionProperties) = preSolution
		HideSolutionNode = FALSE
	EndGlobalSection
	GlobalSection(ExtensibilityGlobals) = postSolution
		SolutionGuid = {19CEC9ED-4F3A-44BB-A1F0-3E9F7DA4DC49}
	EndGlobalSection
EndGlobal
